PODS:
  - Capacitor (7.6.9):
    - CapacitorCordova
  - CapacitorApp (7.1.2):
    - Capacitor
  - CapacitorBrowser (7.0.5):
    - Capacitor
  - CapacitorCordova (7.6.9)
  - CapacitorHaptics (7.0.5):
    - Capacitor
  - CapacitorShare (7.0.4):
    - Capacitor

DEPENDENCIES:
  - "Capacitor (from `../../node_modules/@capacitor/ios`)"
  - "CapacitorApp (from `../../node_modules/@capacitor/app`)"
  - "CapacitorBrowser (from `../../node_modules/@capacitor/browser`)"
  - "CapacitorCordova (from `../../node_modules/@capacitor/ios`)"
  - "CapacitorHaptics (from `../../node_modules/@capacitor/haptics`)"
  - "CapacitorShare (from `../../node_modules/@capacitor/share`)"

EXTERNAL SOURCES:
  Capacitor:
    :path: "../../node_modules/@capacitor/ios"
  CapacitorApp:
    :path: "../../node_modules/@capacitor/app"
  CapacitorBrowser:
    :path: "../../node_modules/@capacitor/browser"
  CapacitorCordova:
    :path: "../../node_modules/@capacitor/ios"
  CapacitorHaptics:
    :path: "../../node_modules/@capacitor/haptics"
  CapacitorShare:
    :path: "../../node_modules/@capacitor/share"

SPEC CHECKSUMS:
  Capacitor: 46067d1c8df89760dbed78780d436327d588c726
  CapacitorApp: f01a913211780e0718dae9750442c3e23f96e106
  CapacitorBrowser: 6d09f59655e89aede71654ef08b98de55cf032b6
  CapacitorCordova: 2080fc0d6bfbc9dcc0e6d88e77fa624190d343ca
  CapacitorHaptics: 1b145fa83c622e5383a3bac04ea81e2514f0b0f5
  CapacitorShare: 25f7fc5dd0e4edbde5d6801c6de5d14a8b450a41

PODFILE CHECKSUM: ee69b16d3a5f34d6d0271c8b3d51b153db205866

COCOAPODS: 1.17.0
